PODS:
  - Flutter (1.0.0)
  - ios_network_code (0.0.1):
    - Flutter

DEPENDENCIES:
  - Flutter (from `Flutter`)
  - ios_network_code (from `.symlinks/plugins/ios_network_code/ios`)

EXTERNAL SOURCES:
  Flutter:
    :path: Flutter
  ios_network_code:
    :path: ".symlinks/plugins/ios_network_code/ios"

SPEC CHECKSUMS:
  Flutter: e0871f40cf51350855a761d2e70bf5af5b9b5de7
  ios_network_code: 2cbfd308a372d4f478291f366e902b437b4d8211

PODFILE CHECKSUM: 663715e941f9adb426e33bf9376914006f9ea95b

COCOAPODS: 1.15.2
